
Microsoft Visual Studio Solution File, Format Version 12.00
Project("{2150E333-8FDC-42A3-9474-1A3956D46DE8}") = "PolishNotationTDD", "PolishNotationTDD", "{76B4BFE5-6893-48A3-925A-A1ECCAE4E48A}"
EndProject
Project("{2150E333-8FDC-42A3-9474-1A3956D46DE8}") = "ShadowLengthCalculatorTDD", "ShadowLengthCalculatorTDD", "{CF95B491-C7D4-494A-AED6-5CE689A634DD}"
EndProject
Project("{FAE04EC0-301F-11D3-BF4B-00C04F79EFBC}") = "PolishNotation", "PolishNotation\PolishNotation.csproj", "{05AC4EE7-279E-4CD4-9850-D655166B04E4}"
EndProject
Project("{F2A71F9B-5D33-465A-A702-920D77279786}") = "ShadowLengthCalculator", "ShadowLengthCalculator\ShadowLengthCalculator.fsproj", "{AFC2977C-5487-4A43-B6F7-9829E543EED4}"
EndProject
Global
	GlobalSection(SolutionConfigurationPlatforms) = preSolution
		Debug|Any CPU = Debug|Any CPU
		Release|Any CPU = Release|Any CPU
	EndGlobalSection
	GlobalSection(ProjectConfigurationPlatforms) = postSolution
		{05AC4EE7-279E-4CD4-9850-D655166B04E4}.Debug|Any CPU.ActiveCfg = Debug|Any CPU
		{05AC4EE7-279E-4CD4-9850-D655166B04E4}.Debug|Any CPU.Build.0 = Debug|Any CPU
		{05AC4EE7-279E-4CD4-9850-D655166B04E4}.Release|Any CPU.ActiveCfg = Release|Any CPU
		{05AC4EE7-279E-4CD4-9850-D655166B04E4}.Release|Any CPU.Build.0 = Release|Any CPU
		{AFC2977C-5487-4A43-B6F7-9829E543EED4}.Debug|Any CPU.ActiveCfg = Debug|Any CPU
		{AFC2977C-5487-4A43-B6F7-9829E543EED4}.Debug|Any CPU.Build.0 = Debug|Any CPU
		{AFC2977C-5487-4A43-B6F7-9829E543EED4}.Release|Any CPU.ActiveCfg = Release|Any CPU
		{AFC2977C-5487-4A43-B6F7-9829E543EED4}.Release|Any CPU.Build.0 = Release|Any CPU
	EndGlobalSection
	GlobalSection(NestedProjects) = preSolution
		{05AC4EE7-279E-4CD4-9850-D655166B04E4} = {76B4BFE5-6893-48A3-925A-A1ECCAE4E48A}
		{AFC2977C-5487-4A43-B6F7-9829E543EED4} = {CF95B491-C7D4-494A-AED6-5CE689A634DD}
	EndGlobalSection
EndGlobal
